
Microsoft Visual Studio Solution File, Format Version 12.00
# Visual Studio Version 17
VisualStudioVersion = 17.10.35013.160
MinimumVisualStudioVersion = 10.0.40219.1
Project("{9A19103F-16F7-4668-BE54-9A1E7A4F7556}") = "ProductManagement", "ProductManagement\ProductManagement.csproj", "{C4999335-6953-41A2-9967-F2B93AD057BC}"
EndProject
Project("{FAE04EC0-301F-11D3-BF4B-00C04F79EFBC}") = "ProductManag.DataAccess", "..\ProductManag.DataAccess\ProductManag.DataAccess\ProductManag.DataAccess.csproj", "{C20D49CA-6CBF-4A1A-988E-2FAAC503BC97}"
EndProject
Global
	GlobalSection(SolutionConfigurationPlatforms) = preSolution
		Debug|Any CPU = Debug|Any CPU
		Release|Any CPU = Release|Any CPU
	EndGlobalSection
	GlobalSection(ProjectConfigurationPlatforms) = postSolution
		{C4999335-6953-41A2-9967-F2B93AD057BC}.Debug|Any CPU.ActiveCfg = Debug|Any CPU
		{C4999335-6953-41A2-9967-F2B93AD057BC}.Debug|Any CPU.Build.0 = Debug|Any CPU
		{C4999335-6953-41A2-9967-F2B93AD057BC}.Release|Any CPU.ActiveCfg = Release|Any CPU
		{C4999335-6953-41A2-9967-F2B93AD057BC}.Release|Any CPU.Build.0 = Release|Any CPU
		{C20D49CA-6CBF-4A1A-988E-2FAAC503BC97}.Debug|Any CPU.ActiveCfg = Debug|Any CPU
		{C20D49CA-6CBF-4A1A-988E-2FAAC503BC97}.Debug|Any CPU.Build.0 = Debug|Any CPU
		{C20D49CA-6CBF-4A1A-988E-2FAAC503BC97}.Release|Any CPU.ActiveCfg = Release|Any CPU
		{C20D49CA-6CBF-4A1A-988E-2FAAC503BC97}.Release|Any CPU.Build.0 = Release|Any CPU
	EndGlobalSection
	GlobalSection(SolutionProperties) = preSolution
		HideSolutionNode = FALSE
	EndGlobalSection
	GlobalSection(ExtensibilityGlobals) = postSolution
		SolutionGuid = {777EDF2C-7988-4863-8B9A-9D7EFEB3EE8E}
	EndGlobalSection
EndGlobal
